
Microsoft Visual Studio Solution File, Format Version 12.00
# Visual Studio Version 17
VisualStudioVersion = 17.0.31903.59
MinimumVisualStudioVersion = 10.0.40219.1
Project("{2150E333-8FDC-42A3-9474-1A3956D46DE8}") = "src", "src", "{827E0CD3-B72D-47B6-A68D-7590B98EB39B}"
EndProject
Project("{FAE04EC0-301F-11D3-BF4B-00C04F79EFBC}") = "WppSender.Domain", "src\WppSender.Domain\WppSender.Domain.csproj", "{74CDCB2D-E17A-465F-BE10-991776289A4E}"
EndProject
Project("{FAE04EC0-301F-11D3-BF4B-00C04F79EFBC}") = "WppSender.Application", "src\WppSender.Application\WppSender.Application.csproj", "{8EC7F27C-80BE-434A-8BBF-4243E6D48A81}"
EndProject
Project("{FAE04EC0-301F-11D3-BF4B-00C04F79EFBC}") = "WppSender.Infrastructure", "src\WppSender.Infrastructure\WppSender.Infrastructure.csproj", "{BAA2B18C-70AA-4119-9078-EBFFCAE8379C}"
EndProject
Project("{FAE04EC0-301F-11D3-BF4B-00C04F79EFBC}") = "WppSender.Api", "src\WppSender.Api\WppSender.Api.csproj", "{CCFDC9E0-E573-4298-BCF3-114FB6785C28}"
EndProject
Project("{2150E333-8FDC-42A3-9474-1A3956D46DE8}") = "tests", "tests", "{0AB3BF05-4346-4AA6-1389-037BE0695223}"
EndProject
Project("{FAE04EC0-301F-11D3-BF4B-00C04F79EFBC}") = "WppSender.Domain.Tests", "tests\WppSender.Domain.Tests\WppSender.Domain.Tests.csproj", "{C4755897-F3E0-4178-B37C-38D1701C2D9D}"
EndProject
Project("{FAE04EC0-301F-11D3-BF4B-00C04F79EFBC}") = "WppSender.Application.Tests", "tests\WppSender.Application.Tests\WppSender.Application.Tests.csproj", "{03B2E628-BD42-4E9C-A2E0-2B70F89217F3}"
EndProject
Project("{FAE04EC0-301F-11D3-BF4B-00C04F79EFBC}") = "WppSender.Api.IntegrationTests", "tests\WppSender.Api.IntegrationTests\WppSender.Api.IntegrationTests.csproj", "{6FB3CB40-1EE6-46C6-94A1-1476129964C9}"
EndProject
Project("{FAE04EC0-301F-11D3-BF4B-00C04F79EFBC}") = "WppSender.Infrastructure.Tests", "tests\WppSender.Infrastructure.Tests\WppSender.Infrastructure.Tests.csproj", "{FF73C1E8-EEC5-4947-A6C9-D7C4EE05E25E}"
EndProject
Global
	GlobalSection(SolutionConfigurationPlatforms) = preSolution
		Debug|Any CPU = Debug|Any CPU
		Debug|x64 = Debug|x64
		Debug|x86 = Debug|x86
		Release|Any CPU = Release|Any CPU
		Release|x64 = Release|x64
		Release|x86 = Release|x86
	EndGlobalSection
	GlobalSection(ProjectConfigurationPlatforms) = postSolution
		{74CDCB2D-E17A-465F-BE10-991776289A4E}.Debug|Any CPU.ActiveCfg = Debug|Any CPU
		{74CDCB2D-E17A-465F-BE10-991776289A4E}.Debug|Any CPU.Build.0 = Debug|Any CPU
		{74CDCB2D-E17A-465F-BE10-991776289A4E}.Debug|x64.ActiveCfg = Debug|Any CPU
		{74CDCB2D-E17A-465F-BE10-991776289A4E}.Debug|x64.Build.0 = Debug|Any CPU
		{74CDCB2D-E17A-465F-BE10-991776289A4E}.Debug|x86.ActiveCfg = Debug|Any CPU
		{74CDCB2D-E17A-465F-BE10-991776289A4E}.Debug|x86.Build.0 = Debug|Any CPU
		{74CDCB2D-E17A-465F-BE10-991776289A4E}.Release|Any CPU.ActiveCfg = Release|Any CPU
		{74CDCB2D-E17A-465F-BE10-991776289A4E}.Release|Any CPU.Build.0 = Release|Any CPU
		{74CDCB2D-E17A-465F-BE10-991776289A4E}.Release|x64.ActiveCfg = Release|Any CPU
		{74CDCB2D-E17A-465F-BE10-991776289A4E}.Release|x64.Build.0 = Release|Any CPU
		{74CDCB2D-E17A-465F-BE10-991776289A4E}.Release|x86.ActiveCfg = Release|Any CPU
		{74CDCB2D-E17A-465F-BE10-991776289A4E}.Release|x86.Build.0 = Release|Any CPU
		{8EC7F27C-80BE-434A-8BBF-4243E6D48A81}.Debug|Any CPU.ActiveCfg = Debug|Any CPU
		{8EC7F27C-80BE-434A-8BBF-4243E6D48A81}.Debug|Any CPU.Build.0 = Debug|Any CPU
		{8EC7F27C-80BE-434A-8BBF-4243E6D48A81}.Debug|x64.ActiveCfg = Debug|Any CPU
		{8EC7F27C-80BE-434A-8BBF-4243E6D48A81}.Debug|x64.Build.0 = Debug|Any CPU
		{8EC7F27C-80BE-434A-8BBF-4243E6D48A81}.Debug|x86.ActiveCfg = Debug|Any CPU
		{8EC7F27C-80BE-434A-8BBF-4243E6D48A81}.Debug|x86.Build.0 = Debug|Any CPU
		{8EC7F27C-80BE-434A-8BBF-4243E6D48A81}.Release|Any CPU.ActiveCfg = Release|Any CPU
		{8EC7F27C-80BE-434A-8BBF-4243E6D48A81}.Release|Any CPU.Build.0 = Release|Any CPU
		{8EC7F27C-80BE-434A-8BBF-4243E6D48A81}.Release|x64.ActiveCfg = Release|Any CPU
		{8EC7F27C-80BE-434A-8BBF-4243E6D48A81}.Release|x64.Build.0 = Release|Any CPU
		{8EC7F27C-80BE-434A-8BBF-4243E6D48A81}.Release|x86.ActiveCfg = Release|Any CPU
		{8EC7F27C-80BE-434A-8BBF-4243E6D48A81}.Release|x86.Build.0 = Release|Any CPU
		{BAA2B18C-70AA-4119-9078-EBFFCAE8379C}.Debug|Any CPU.ActiveCfg = Debug|Any CPU
		{BAA2B18C-70AA-4119-9078-EBFFCAE8379C}.Debug|Any CPU.Build.0 = Debug|Any CPU
		{BAA2B18C-70AA-4119-9078-EBFFCAE8379C}.Debug|x64.ActiveCfg = Debug|Any CPU
		{BAA2B18C-70AA-4119-9078-EBFFCAE8379C}.Debug|x64.Build.0 = Debug|Any CPU
		{BAA2B18C-70AA-4119-9078-EBFFCAE8379C}.Debug|x86.ActiveCfg = Debug|Any CPU
		{BAA2B18C-70AA-4119-9078-EBFFCAE8379C}.Debug|x86.Build.0 = Debug|Any CPU
		{BAA2B18C-70AA-4119-9078-EBFFCAE8379C}.Release|Any CPU.ActiveCfg = Release|Any CPU
		{BAA2B18C-70AA-4119-9078-EBFFCAE8379C}.Release|Any CPU.Build.0 = Release|Any CPU
		{BAA2B18C-70AA-4119-9078-EBFFCAE8379C}.Release|x64.ActiveCfg = Release|Any CPU
		{BAA2B18C-70AA-4119-9078-EBFFCAE8379C}.Release|x64.Build.0 = Release|Any CPU
		{BAA2B18C-70AA-4119-9078-EBFFCAE8379C}.Release|x86.ActiveCfg = Release|Any CPU
		{BAA2B18C-70AA-4119-9078-EBFFCAE8379C}.Release|x86.Build.0 = Release|Any CPU
		{CCFDC9E0-E573-4298-BCF3-114FB6785C28}.Debug|Any CPU.ActiveCfg = Debug|Any CPU
		{CCFDC9E0-E573-4298-BCF3-114FB6785C28}.Debug|Any CPU.Build.0 = Debug|Any CPU
		{CCFDC9E0-E573-4298-BCF3-114FB6785C28}.Debug|x64.ActiveCfg = Debug|Any CPU
		{CCFDC9E0-E573-4298-BCF3-114FB6785C28}.Debug|x64.Build.0 = Debug|Any CPU
		{CCFDC9E0-E573-4298-BCF3-114FB6785C28}.Debug|x86.ActiveCfg = Debug|Any CPU
		{CCFDC9E0-E573-4298-BCF3-114FB6785C28}.Debug|x86.Build.0 = Debug|Any CPU
		{CCFDC9E0-E573-4298-BCF3-114FB6785C28}.Release|Any CPU.ActiveCfg = Release|Any CPU
		{CCFDC9E0-E573-4298-BCF3-114FB6785C28}.Release|Any CPU.Build.0 = Release|Any CPU
		{CCFDC9E0-E573-4298-BCF3-114FB6785C28}.Release|x64.ActiveCfg = Release|Any CPU
		{CCFDC9E0-E573-4298-BCF3-114FB6785C28}.Release|x64.Build.0 = Release|Any CPU
		{CCFDC9E0-E573-4298-BCF3-114FB6785C28}.Release|x86.ActiveCfg = Release|Any CPU
		{CCFDC9E0-E573-4298-BCF3-114FB6785C28}.Release|x86.Build.0 = Release|Any CPU
		{C4755897-F3E0-4178-B37C-38D1701C2D9D}.Debug|Any CPU.ActiveCfg = Debug|Any CPU
		{C4755897-F3E0-4178-B37C-38D1701C2D9D}.Debug|Any CPU.Build.0 = Debug|Any CPU
		{C4755897-F3E0-4178-B37C-38D1701C2D9D}.Debug|x64.ActiveCfg = Debug|Any CPU
		{C4755897-F3E0-4178-B37C-38D1701C2D9D}.Debug|x64.Build.0 = Debug|Any CPU
		{C4755897-F3E0-4178-B37C-38D1701C2D9D}.Debug|x86.ActiveCfg = Debug|Any CPU
		{C4755897-F3E0-4178-B37C-38D1701C2D9D}.Debug|x86.Build.0 = Debug|Any CPU
		{C4755897-F3E0-4178-B37C-38D1701C2D9D}.Release|Any CPU.ActiveCfg = Release|Any CPU
		{C4755897-F3E0-4178-B37C-38D1701C2D9D}.Release|Any CPU.Build.0 = Release|Any CPU
		{C4755897-F3E0-4178-B37C-38D1701C2D9D}.Release|x64.ActiveCfg = Release|Any CPU
		{C4755897-F3E0-4178-B37C-38D1701C2D9D}.Release|x64.Build.0 = Release|Any CPU
		{C4755897-F3E0-4178-B37C-38D1701C2D9D}.Release|x86.ActiveCfg = Release|Any CPU
		{C4755897-F3E0-4178-B37C-38D1701C2D9D}.Release|x86.Build.0 = Release|Any CPU
		{03B2E628-BD42-4E9C-A2E0-2B70F89217F3}.Debug|Any CPU.ActiveCfg = Debug|Any CPU
		{03B2E628-BD42-4E9C-A2E0-2B70F89217F3}.Debug|Any CPU.Build.0 = Debug|Any CPU
		{03B2E628-BD42-4E9C-A2E0-2B70F89217F3}.Debug|x64.ActiveCfg = Debug|Any CPU
		{03B2E628-BD42-4E9C-A2E0-2B70F89217F3}.Debug|x64.Build.0 = Debug|Any CPU
		{03B2E628-BD42-4E9C-A2E0-2B70F89217F3}.Debug|x86.ActiveCfg = Debug|Any CPU
		{03B2E628-BD42-4E9C-A2E0-2B70F89217F3}.Debug|x86.Build.0 = Debug|Any CPU
		{03B2E628-BD42-4E9C-A2E0-2B70F89217F3}.Release|Any CPU.ActiveCfg = Release|Any CPU
		{03B2E628-BD42-4E9C-A2E0-2B70F89217F3}.Release|Any CPU.Build.0 = Release|Any CPU
		{03B2E628-BD42-4E9C-A2E0-2B70F89217F3}.Release|x64.ActiveCfg = Release|Any CPU
		{03B2E628-BD42-4E9C-A2E0-2B70F89217F3}.Release|x64.Build.0 = Release|Any CPU
		{03B2E628-BD42-4E9C-A2E0-2B70F89217F3}.Release|x86.ActiveCfg = Release|Any CPU
		{03B2E628-BD42-4E9C-A2E0-2B70F89217F3}.Release|x86.Build.0 = Release|Any CPU
		{6FB3CB40-1EE6-46C6-94A1-1476129964C9}.Debug|Any CPU.ActiveCfg = Debug|Any CPU
		{6FB3CB40-1EE6-46C6-94A1-1476129964C9}.Debug|Any CPU.Build.0 = Debug|Any CPU
		{6FB3CB40-1EE6-46C6-94A1-1476129964C9}.Debug|x64.ActiveCfg = Debug|Any CPU
		{6FB3CB40-1EE6-46C6-94A1-1476129964C9}.Debug|x64.Build.0 = Debug|Any CPU
		{6FB3CB40-1EE6-46C6-94A1-1476129964C9}.Debug|x86.ActiveCfg = Debug|Any CPU
		{6FB3CB40-1EE6-46C6-94A1-1476129964C9}.Debug|x86.Build.0 = Debug|Any CPU
		{6FB3CB40-1EE6-46C6-94A1-1476129964C9}.Release|Any CPU.ActiveCfg = Release|Any CPU
		{6FB3CB40-1EE6-46C6-94A1-1476129964C9}.Release|Any CPU.Build.0 = Release|Any CPU
		{6FB3CB40-1EE6-46C6-94A1-1476129964C9}.Release|x64.ActiveCfg = Release|Any CPU
		{6FB3CB40-1EE6-46C6-94A1-1476129964C9}.Release|x64.Build.0 = Release|Any CPU
		{6FB3CB40-1EE6-46C6-94A1-1476129964C9}.Release|x86.ActiveCfg = Release|Any CPU
		{6FB3CB40-1EE6-46C6-94A1-1476129964C9}.Release|x86.Build.0 = Release|Any CPU
		{FF73C1E8-EEC5-4947-A6C9-D7C4EE05E25E}.Debug|Any CPU.ActiveCfg = Debug|Any CPU
		{FF73C1E8-EEC5-4947-A6C9-D7C4EE05E25E}.Debug|Any CPU.Build.0 = Debug|Any CPU
		{FF73C1E8-EEC5-4947-A6C9-D7C4EE05E25E}.Debug|x64.ActiveCfg = Debug|Any CPU
		{FF73C1E8-EEC5-4947-A6C9-D7C4EE05E25E}.Debug|x64.Build.0 = Debug|Any CPU
		{FF73C1E8-EEC5-4947-A6C9-D7C4EE05E25E}.Debug|x86.ActiveCfg = Debug|Any CPU
		{FF73C1E8-EEC5-4947-A6C9-D7C4EE05E25E}.Debug|x86.Build.0 = Debug|Any CPU
		{FF73C1E8-EEC5-4947-A6C9-D7C4EE05E25E}.Release|Any CPU.ActiveCfg = Release|Any CPU
		{FF73C1E8-EEC5-4947-A6C9-D7C4EE05E25E}.Release|Any CPU.Build.0 = Release|Any CPU
		{FF73C1E8-EEC5-4947-A6C9-D7C4EE05E25E}.Release|x64.ActiveCfg = Release|Any CPU
		{FF73C1E8-EEC5-4947-A6C9-D7C4EE05E25E}.Release|x64.Build.0 = Release|Any CPU
		{FF73C1E8-EEC5-4947-A6C9-D7C4EE05E25E}.Release|x86.ActiveCfg = Release|Any CPU
		{FF73C1E8-EEC5-4947-A6C9-D7C4EE05E25E}.Release|x86.Build.0 = Release|Any CPU
	EndGlobalSection
	GlobalSection(SolutionProperties) = preSolution
		HideSolutionNode = FALSE
	EndGlobalSection
	GlobalSection(NestedProjects) = preSolution
		{74CDCB2D-E17A-465F-BE10-991776289A4E} = {827E0CD3-B72D-47B6-A68D-7590B98EB39B}
		{8EC7F27C-80BE-434A-8BBF-4243E6D48A81} = {827E0CD3-B72D-47B6-A68D-7590B98EB39B}
		{BAA2B18C-70AA-4119-9078-EBFFCAE8379C} = {827E0CD3-B72D-47B6-A68D-7590B98EB39B}
		{CCFDC9E0-E573-4298-BCF3-114FB6785C28} = {827E0CD3-B72D-47B6-A68D-7590B98EB39B}
		{C4755897-F3E0-4178-B37C-38D1701C2D9D} = {0AB3BF05-4346-4AA6-1389-037BE0695223}
		{03B2E628-BD42-4E9C-A2E0-2B70F89217F3} = {0AB3BF05-4346-4AA6-1389-037BE0695223}
		{6FB3CB40-1EE6-46C6-94A1-1476129964C9} = {0AB3BF05-4346-4AA6-1389-037BE0695223}
		{FF73C1E8-EEC5-4947-A6C9-D7C4EE05E25E} = {0AB3BF05-4346-4AA6-1389-037BE0695223}
	EndGlobalSection
EndGlobal
